<?xml version="1.0" encoding="UTF-8"?>
<Scheme
   version = "1.3">
   <BuildAction>
      <BuildActionEntries>
         <BuildActionEntry
            buildForRunning = "YES">
            <BuildableReference
               BuildableIdentifier = "primary"
               BlueprintIdentifier = "578B563E290159C900A821BF"
               BuildableName = "MacDockSwitcher.app"
               BlueprintName = "MacDockSwitcher"
               ReferencedContainer = "container:MacDockSwitcher.xcodeproj">
            </BuildableReference>
         </BuildActionEntry>
      </BuildActionEntries>
   </BuildAction>
   <LaunchAction
      useCustomWorkingDirectory = "NO"
      buildConfiguration = "Debug"
      allowLocationSimulation = "YES">
      <BuildableProductRunnable>
         <BuildableReference
            BuildableIdentifier = "primary"
            BlueprintIdentifier = "578B563E290159C900A821BF"
            BuildableName = "MacDockSwitcher.app"
            BlueprintName = "MacDockSwitcher"
            ReferencedContainer = "container:MacDockSwitcher.xcodeproj">
         </BuildableReference>
      </BuildableProductRunnable>
   </LaunchAction>
</Scheme>
